github.com/gol-gol/golbin v0.0.0-20230310193249-27f25d2ea8d0 h1:CbrzK9/GWwUlRXNgYE1nIxxVyi7LaZDLgKt2SgcPBeM=
github.com/gol-gol/golbin v0.0.0-20230310193249-27f25d2ea8d0/go.mod h1:WaThgdRC8xKUIqE2JHyZLlFpni0B7wFcSk4ufzQzXc8=
github.com/gol-gol/golfiles v0.0.0-20230310173622-f708d9b38443 h1:6TXc71zMxxFZm3V3oGnn0Sn6f0VPmy2X3prLhiu0vks=
github.com/gol-gol/golfiles v0.0.0-20230310173622-f708d9b38443/go.mod h1:5n+Koxo26fiwJ+VkBsgHtha9qOYtktBo5nDyoT60A6o=
